// !$*UTF8*$!
{
	archiveVersion = 1;
	classes = {
	};
	objectVersion = 50;
	objects = {

/* Begin PBXBuildFile section */
		038F381F2302DC8500457088 /* AppDelegate.swift in Sources */ = {isa = PBXBuildFile; fileRef = 038F381E2302DC8500457088 /* AppDelegate.swift */; };
		038F38212302DC8500457088 /* ViewController.swift in Sources */ = {isa = PBXBuildFile; fileRef = 038F38202302DC8500457088 /* ViewController.swift */; };
		038F38242302DC8500457088 /* Main.storyboard in Resources */ = {isa = PBXBuildFile; fileRef = 038F38222302DC8500457088 /* Main.storyboard */; };
		038F38272302DC8500457088 /* testeMapa.xcdatamodeld in Sources */ = {isa = PBXBuildFile; fileRef = 038F38252302DC8500457088 /* testeMapa.xcdatamodeld */; };
		038F38292302DC8800457088 /* Assets.xcassets in Resources */ = {isa = PBXBuildFile; fileRef = 038F38282302DC8800457088 /* Assets.xcassets */; };
		038F382C2302DC8800457088 /* LaunchScreen.storyboard in Resources */ = {isa = PBXBuildFile; fileRef = 038F382A2302DC8800457088 /* LaunchScreen.storyboard */; };
		038F38342302DD7C00457088 /* MapaViewController.swift in Sources */ = {isa = PBXBuildFile; fileRef = 038F38332302DD7C00457088 /* MapaViewController.swift */; };
		038F38362306CE1000457088 /* SegundoMapaViewController.swift in Sources */ = {isa = PBXBuildFile; fileRef = 038F38352306CE1000457088 /* SegundoMapaViewController.swift */; };
/* End PBXBuildFile section */

/* Begin PBXFileReference section */
		038F381B2302DC8500457088 /* testeMapa.app */ = {isa = PBXFileReference; explicitFileType = wrapper.application; includeInIndex = 0; path = testeMapa.app; sourceTree = BUILT_PRODUCTS_DIR; };
		038F381E2302DC8500457088 /* AppDelegate.swift */ = {isa = PBXFileReference; lastKnownFileType = sourcecode.swift; path = AppDelegate.swift; sourceTree = "<group>"; };
		038F38202302DC8500457088 /* ViewController.swift */ = {isa = PBXFileReference; lastKnownFileType = sourcecode.swift; name = ViewController.swift; path = ../ViewController.swift; sourceTree = "<group>"; };
		038F38232302DC8500457088 /* Base */ = {isa = PBXFileReference; lastKnownFileType = file.storyboard; name = Base; path = Base.lproj/Main.storyboard; sourceTree = "<group>"; };
		038F38262302DC8500457088 /* testeMapa.xcdatamodel */ = {isa = PBXFileReference; lastKnownFileType = wrapper.xcdatamodel; path = testeMapa.xcdatamodel; sourceTree = "<group>"; };
		038F38282302DC8800457088 /* Assets.xcassets */ = {isa = PBXFileReference; lastKnownFileType = folder.assetcatalog; path = Assets.xcassets; sourceTree = "<group>"; };
		038F382B2302DC8800457088 /* Base */ = {isa = PBXFileReference; lastKnownFileType = file.storyboard; name = Base; path = Base.lproj/LaunchScreen.storyboard; sourceTree = "<group>"; };
		038F382D2302DC8800457088 /* Info.plist */ = {isa = PBXFileReference; lastKnownFileType = text.plist.xml; path = Info.plist; sourceTree = "<group>"; };
		038F38332302DD7C00457088 /* MapaViewController.swift */ = {isa = PBXFileReference; lastKnownFileType = sourcecode.swift; name = MapaViewController.swift; path = ../MapaViewController.swift; sourceTree = "<group>"; };
		038F38352306CE1000457088 /* SegundoMapaViewController.swift */ = {isa = PBXFileReference; lastKnownFileType = sourcecode.swift; name = SegundoMapaViewController.swift; path = ../../SegundoMapaViewController.swift; sourceTree = "<group>"; };
/* End PBXFileReference section */

/* Begin PBXFrameworksBuildPhase section */
		038F38182302DC8500457088 /* Frameworks */ = {
			isa = PBXFrameworksBuildPhase;
			buildActionMask = 2147483647;
			files = (
			);
			runOnlyForDeploymentPostprocessing = 0;
		};
/* End PBXFrameworksBuildPhase section */

/* Begin PBXGroup section */
		038F38122302DC8500457088 = {
			isa = PBXGroup;
			children = (
				038F381C2302DC8500457088 /* Products */,
				038F381D2302DC8500457088 /* testeMapa */,
			);
			sourceTree = "<group>";
		};
		038F381C2302DC8500457088 /* Products */ = {
			isa = PBXGroup;
			children = (
				038F381B2302DC8500457088 /* testeMapa.app */,
			);
			name = Products;
			sourceTree = "<group>";
		};
		038F381D2302DC8500457088 /* testeMapa */ = {
			isa = PBXGroup;
			children = (
				038F38372306CE6D00457088 /* New Group */,
				038F381E2302DC8500457088 /* AppDelegate.swift */,
				038F38222302DC8500457088 /* Main.storyboard */,
				038F38282302DC8800457088 /* Assets.xcassets */,
				038F382A2302DC8800457088 /* LaunchScreen.storyboard */,
				038F382D2302DC8800457088 /* Info.plist */,
				038F38252302DC8500457088 /* testeMapa.xcdatamodeld */,
			);
			path = testeMapa;
			sourceTree = "<group>";
		};
		038F38372306CE6D00457088 /* New Group */ = {
			isa = PBXGroup;
			children = (
				038F38332302DD7C00457088 /* MapaViewController.swift */,
				038F38202302DC8500457088 /* ViewController.swift */,
				038F38352306CE1000457088 /* SegundoMapaViewController.swift */,
			);
			path = "New Group";
			sourceTree = "<group>";
		};
/* End PBXGroup section */

/* Begin PBXNativeTarget section */
		038F381A2302DC8500457088 /* testeMapa */ = {
			isa = PBXNativeTarget;
			buildConfigurationList = 038F38302302DC8800457088 /* Build configuration list for PBXNativeTarget "testeMapa" */;
			buildPhases = (
				038F38172302DC8500457088 /* Sources */,
				038F38182302DC8500457088 /* Frameworks */,
				038F38192302DC8500457088 /* Resources */,
			);
			buildRules = (
			);
			dependencies = (
			);
			name = testeMapa;
			productName = testeMapa;
			productReference = 038F381B2302DC8500457088 /* testeMapa.app */;
			productType = "com.apple.product-type.application";
		};
/* End PBXNativeTarget section */

/* Begin PBXProject section */
		038F38132302DC8500457088 /* Project object */ = {
			isa = PBXProject;
			attributes = {
				LastSwiftUpdateCheck = 1030;
				LastUpgradeCheck = 1030;
				ORGANIZATIONNAME = "Felipe Mesquita";
				TargetAttributes = {
					038F381A2302DC8500457088 = {
						CreatedOnToolsVersion = 10.3;
					};
				};
			};
			buildConfigurationList = 038F38162302DC8500457088 /* Build configuration list for PBXProject "testeMapa" */;
			compatibilityVersion = "Xcode 9.3";
			developmentRegion = en;
			hasScannedForEncodings = 0;
			knownRegions = (
				en,
				Base,
			);
			mainGroup = 038F38122302DC8500457088;
			productRefGroup = 038F381C2302DC8500457088 /* Products */;
			projectDirPath = "";
			projectRoot = "";
			targets = (
				038F381A2302DC8500457088 /* testeMapa */,
			);
		};
/* End PBXProject section */

/* Begin PBXResourcesBuildPhase section */
		038F38192302DC8500457088 /* Resources */ = {
			isa = PBXResourcesBuildPhase;
			buildActionMask = 2147483647;
			files = (
				038F382C2302DC8800457088 /* LaunchScreen.storyboard in Resources */,
				038F38292302DC8800457088 /* Assets.xcassets in Resources */,
				038F38242302DC8500457088 /* Main.storyboard in Resources */,
			);
			runOnlyForDeploymentPostprocessing = 0;
		};
/* End PBXResourcesBuildPhase section */

/* Begin PBXSourcesBuildPhase section */
		038F38172302DC8500457088 /* Sources */ = {
			isa = PBXSourcesBuildPhase;
			buildActionMask = 2147483647;
			files = (
				038F38362306CE1000457088 /* SegundoMapaViewController.swift in Sources */,
				038F38272302DC8500457088 /* testeMapa.xcdatamodeld in Sources */,
				038F38342302DD7C00457088 /* MapaViewController.swift in Sources */,
				038F38212302DC8500457088 /* ViewController.swift in Sources */,
				038F381F2302DC8500457088 /* AppDelegate.swift in Sources */,
			);
			runOnlyForDeploymentPostprocessing = 0;
		};
/* End PBXSourcesBuildPhase section */

/* Begin PBXVariantGroup section */
		038F38222302DC8500457088 /* Main.storyboard */ = {
			isa = PBXVariantGroup;
			children = (
				038F38232302DC8500457088 /* Base */,
			);
			name = Main.storyboard;
			sourceTree = "<group>";
		};
		038F382A2302DC8800457088 /* LaunchScreen.storyboard */ = {
			isa = PBXVariantGroup;
			children = (
				038F382B2302DC8800457088 /* Base */,
			);
			name = LaunchScreen.storyboard;
			sourceTree = "<group>";
		};
/* End PBXVariantGroup section */

/* Begin XCBuildConfiguration section */
		038F382E2302DC8800457088 /* Debug */ = {
			isa = XCBuildConfiguration;
			buildSettings = {
				ALWAYS_SEARCH_USER_PATHS = NO;
				CLANG_ANALYZER_NONNULL = YES;
				CLANG_ANALYZER_NUMBER_OBJECT_CONVERSION = YES_AGGRESSIVE;
				CLANG_CXX_LANGUAGE_STANDARD = "gnu++14";
				CLANG_CXX_LIBRARY = "libc++";
				CLANG_ENABLE_MODULES = YES;
				CLANG_ENABLE_OBJC_ARC = YES;
				CLANG_ENABLE_OBJC_WEAK = YES;
				CLANG_WARN_BLOCK_CAPTURE_AUTORELEASING = YES;
				CLANG_WARN_BOOL_CONVERSION = YES;
				CLANG_WARN_COMMA = YES;
				CLANG_WARN_CONSTANT_CONVERSION = YES;
				CLANG_WARN_DEPRECATED_OBJC_IMPLEMENTATIONS = YES;
				CLANG_WARN_DIRECT_OBJC_ISA_USAGE = YES_ERROR;
				CLANG_WARN_DOCUMENTATION_COMMENTS = YES;
				CLANG_WARN_EMPTY_BODY = YES;
				CLANG_WARN_ENUM_CONVERSION = YES;
				CLANG_WARN_INFINITE_RECURSION = YES;
				CLANG_WARN_INT_CONVERSION = YES;
				CLANG_WARN_NON_LITERAL_NULL_CONVERSION = YES;
				CLANG_WARN_OBJC_IMPLICIT_RETAIN_SELF = YES;
				CLANG_WARN_OBJC_LITERAL_CONVERSION = YES;
				CLANG_WARN_OBJC_ROOT_CLASS = YES_ERROR;
				CLANG_WARN_RANGE_LOOP_ANALYSIS = YES;
				CLANG_WARN_STRICT_PROTOTYPES = YES;
				CLANG_WARN_SUSPICIOUS_MOVE = YES;
				CLANG_WARN_UNGUARDED_AVAILABILITY = YES_AGGRESSIVE;
				CLANG_WARN_UNREACHABLE_CODE = YES;
				CLANG_WARN__DUPLICATE_METHOD_MATCH = YES;
				CODE_SIGN_IDENTITY = "iPhone Developer";
				COPY_PHASE_STRIP = NO;
				DEBUG_INFORMATION_FORMAT = dwarf;
				ENABLE_STRICT_OBJC_MSGSEND = YES;
				ENABLE_TESTABILITY = YES;
				GCC_C_LANGUAGE_STANDARD = gnu11;
				GCC_DYNAMIC_NO_PIC = NO;
				GCC_NO_COMMON_BLOCKS = YES;
				GCC_OPTIMIZATION_LEVEL = 0;
				GCC_PREPROCESSOR_DEFINITIONS = (
					"DEBUG=1",
					"$(inherited)",
				);
				GCC_WARN_64_TO_32_BIT_CONVERSION = YES;
				GCC_WARN_ABOUT_RETURN_TYPE = YES_ERROR;
				GCC_WARN_UNDECLARED_SELECTOR = YES;
				GCC_WARN_UNINITIALIZED_AUTOS = YES_AGGRESSIVE;
				GCC_WARN_UNUSED_FUNCTION = YES;
				GCC_WARN_UNUSED_VARIABLE = YES;
				IPHONEOS_DEPLOYMENT_TARGET = 12.4;
				MTL_ENABLE_DEBUG_INFO = INCLUDE_SOURCE;
				MTL_FAST_MATH = YES;
				ONLY_ACTIVE_ARCH = YES;
				SDKROOT = iphoneos;
				SWIFT_ACTIVE_COMPILATION_CONDITIONS = DEBUG;
				SWIFT_OPTIMIZATION_LEVEL = "-Onone";
			};
			name = Debug;
		};
		038F382F2302DC8800457088 /* Release */ = {
			isa = XCBuildConfiguration;
			buildSettings = {
				ALWAYS_SEARCH_USER_PATHS = NO;
				CLANG_ANALYZER_NONNULL = YES;
				CLANG_ANALYZER_NUMBER_OBJECT_CONVERSION = YES_AGGRESSIVE;
				CLANG_CXX_LANGUAGE_STANDARD = "gnu++14";
				CLANG_CXX_LIBRARY = "libc++";
				CLANG_ENABLE_MODULES = YES;
				CLANG_ENABLE_OBJC_ARC = YES;
				CLANG_ENABLE_OBJC_WEAK = YES;
				CLANG_WARN_BLOCK_CAPTURE_AUTORELEASING = YES;
				CLANG_WARN_BOOL_CONVERSION = YES;
				CLANG_WARN_COMMA = YES;
				CLANG_WARN_CONSTANT_CONVERSION = YES;
				CLANG_WARN_DEPRECATED_OBJC_IMPLEMENTATIONS = YES;
				CLANG_WARN_DIRECT_OBJC_ISA_USAGE = YES_ERROR;
				CLANG_WARN_DOCUMENTATION_COMMENTS = YES;
				CLANG_WARN_EMPTY_BODY = YES;
				CLANG_WARN_ENUM_CONVERSION = YES;
				CLANG_WARN_INFINITE_RECURSION = YES;
				CLANG_WARN_INT_CONVERSION = YES;
				CLANG_WARN_NON_LITERAL_NULL_CONVERSION = YES;
				CLANG_WARN_OBJC_IMPLICIT_RETAIN_SELF = YES;
				CLANG_WARN_OBJC_LITERAL_CONVERSION = YES;
				CLANG_WARN_OBJC_ROOT_CLASS = YES_ERROR;
				CLANG_WARN_RANGE_LOOP_ANALYSIS = YES;
				CLANG_WARN_STRICT_PROTOTYPES = YES;
				CLANG_WARN_SUSPICIOUS_MOVE = YES;
				CLANG_WARN_UNGUARDED_AVAILABILITY = YES_AGGRESSIVE;
				CLANG_WARN_UNREACHABLE_CODE = YES;
				CLANG_WARN__DUPLICATE_METHOD_MATCH = YES;
				CODE_SIGN_IDENTITY = "iPhone Developer";
				COPY_PHASE_STRIP = NO;
				DEBUG_INFORMATION_FORMAT = "dwarf-with-dsym";
				ENABLE_NS_ASSERTIONS = NO;
				ENABLE_STRICT_OBJC_MSGSEND = YES;
				GCC_C_LANGUAGE_STANDARD = gnu11;
				GCC_NO_COMMON_BLOCKS = YES;
				GCC_WARN_64_TO_32_BIT_CONVERSION = YES;
				GCC_WARN_ABOUT_RETURN_TYPE = YES_ERROR;
				GCC_WARN_UNDECLARED_SELECTOR = YES;
				GCC_WARN_UNINITIALIZED_AUTOS = YES_AGGRESSIVE;
				GCC_WARN_UNUSED_FUNCTION = YES;
				GCC_WARN_UNUSED_VARIABLE = YES;
				IPHONEOS_DEPLOYMENT_TARGET = 12.4;
				MTL_ENABLE_DEBUG_INFO = NO;
				MTL_FAST_MATH = YES;
				SDKROOT = iphoneos;
				SWIFT_COMPILATION_MODE = wholemodule;
				SWIFT_OPTIMIZATION_LEVEL = "-O";
				VALIDATE_PRODUCT = YES;
			};
			name = Release;
		};
		038F38312302DC8800457088 /* Debug */ = {
			isa = XCBuildConfiguration;
			buildSettings = {
				ASSETCATALOG_COMPILER_APPICON_NAME = AppIcon;
				CODE_SIGN_STYLE = Automatic;
				DEVELOPMENT_TEAM = 5D66GV6LYZ;
				INFOPLIST_FILE = testeMapa/Info.plist;
				LD_RUNPATH_SEARCH_PATHS = (
					"$(inherited)",
					"@executable_path/Frameworks",
				);
				PRODUCT_BUNDLE_IDENTIFIER = com.nagare.testeMapa;
				PRODUCT_NAME = "$(TARGET_NAME)";
				SWIFT_VERSION = 5.0;
				TARGETED_DEVICE_FAMILY = "1,2";
			};
			name = Debug;
		};
		038F38322302DC8800457088 /* Release */ = {
			isa = XCBuildConfiguration;
			buildSettings = {
				ASSETCATALOG_COMPILER_APPICON_NAME = AppIcon;
				CODE_SIGN_STYLE = Automatic;
				DEVELOPMENT_TEAM = 5D66GV6LYZ;
				INFOPLIST_FILE = testeMapa/Info.plist;
				LD_RUNPATH_SEARCH_PATHS = (
					"$(inherited)",
					"@executable_path/Frameworks",
				);
				PRODUCT_BUNDLE_IDENTIFIER = com.nagare.testeMapa;
				PRODUCT_NAME = "$(TARGET_NAME)";
				SWIFT_VERSION = 5.0;
				TARGETED_DEVICE_FAMILY = "1,2";
			};
			name = Release;
		};
/* End XCBuildConfiguration section */

/* Begin XCConfigurationList section */
		038F38162302DC8500457088 /* Build configuration list for PBXProject "testeMapa" */ = {
			isa = XCConfigurationList;
			buildConfigurations = (
				038F382E2302DC8800457088 /* Debug */,
				038F382F2302DC8800457088 /* Release */,
			);
			defaultConfigurationIsVisible = 0;
			defaultConfigurationName = Release;
		};
		038F38302302DC8800457088 /* Build configuration list for PBXNativeTarget "testeMapa" */ = {
			isa = XCConfigurationList;
			buildConfigurations = (
				038F38312302DC8800457088 /* Debug */,
				038F38322302DC8800457088 /* Release */,
			);
			defaultConfigurationIsVisible = 0;
			defaultConfigurationName = Release;
		};
/* End XCConfigurationList section */

/* Begin XCVersionGroup section */
		038F38252302DC8500457088 /* testeMapa.xcdatamodeld */ = {
			isa = XCVersionGroup;
			children = (
				038F38262302DC8500457088 /* testeMapa.xcdatamodel */,
			);
			currentVersion = 038F38262302DC8500457088 /* testeMapa.xcdatamodel */;
			path = testeMapa.xcdatamodeld;
			sourceTree = "<group>";
			versionGroupType = wrapper.xcdatamodel;
		};
/* End XCVersionGroup section */
	};
	rootObject = 038F38132302DC8500457088 /* Project object */;
}
